# THIS IS AN AUTOGENERATED FILE. DO NOT EDIT THIS FILE DIRECTLY.
# yarn lockfile v1


async@^2.1.4:
  version "2.5.0"
  resolved "https://registry.yarnpkg.com/async/-/async-2.5.0.tgz#843190fd6b7357a0b9e1c956edddd5ec8462b54d"
  dependencies:
    lodash "^4.14.0"

html-entities@^1.2.1:
  version "1.2.1"
  resolved "https://registry.yarnpkg.com/html-entities/-/html-entities-1.2.1.tgz#0df29351f0721163515dfb9e5543e5f6eed5162f"

lodash@^4.14.0:
  version "4.17.4"
  resolved "https://registry.yarnpkg.com/lodash/-/lodash-4.17.4.tgz#78203a4d1c328ae1d86dca6460e369b57f4055ae"

validator@^9.1.1:
  version "9.1.1"
  resolved "https://registry.yarnpkg.com/validator/-/validator-9.1.1.tgz#3bdd1065cbd28f9d96ac806dee01030d32fd97ef"

xregexp@^3.2.0:
  version "3.2.0"
  resolved "https://registry.yarnpkg.com/xregexp/-/xregexp-3.2.0.tgz#cb3601987bfe2695b584000c18f1c4a8c322878e"
